// !$*UTF8*$!
{
	archiveVersion = 1;
	classes = {
	};
	objectVersion = 50;
	objects = {

/* Begin PBXBuildFile section */
		A0329DF120B84DB1003BD0BF /* AppDelegate.swift in Sources */ = {isa = PBXBuildFile; fileRef = A0329DF020B84DB1003BD0BF /* AppDelegate.swift */; };
		A0329DF320B84DB1003BD0BF /* ViewController.swift in Sources */ = {isa = PBXBuildFile; fileRef = A0329DF220B84DB1003BD0BF /* ViewController.swift */; };
		A0329DF620B84DB1003BD0BF /* Main.storyboard in Resources */ = {isa = PBXBuildFile; fileRef = A0329DF420B84DB1003BD0BF /* Main.storyboard */; };
		A0329DF820B84DB3003BD0BF /* Assets.xcassets in Resources */ = {isa = PBXBuildFile; fileRef = A0329DF720B84DB3003BD0BF /* Assets.xcassets */; };
		A0329DFB20B84DB3003BD0BF /* LaunchScreen.storyboard in Resources */ = {isa = PBXBuildFile; fileRef = A0329DF920B84DB3003BD0BF /* LaunchScreen.storyboard */; };
		A0329E0620B84DB3003BD0BF /* ConcentrationTests.swift in Sources */ = {isa = PBXBuildFile; fileRef = A0329E0520B84DB3003BD0BF /* ConcentrationTests.swift */; };
		A0329E1120B84DB4003BD0BF /* ConcentrationUITests.swift in Sources */ = {isa = PBXBuildFile; fileRef = A0329E1020B84DB4003BD0BF /* ConcentrationUITests.swift */; };
		A0C3082020D3E82600583B00 /* Concentration.swift in Sources */ = {isa = PBXBuildFile; fileRef = A0C3081F20D3E82600583B00 /* Concentration.swift */; };
		A0C3082220D3E8E400583B00 /* Card.swift in Sources */ = {isa = PBXBuildFile; fileRef = A0C3082120D3E8E400583B00 /* Card.swift */; };
/* End PBXBuildFile section */

/* Begin PBXContainerItemProxy section */
		A0329E0220B84DB3003BD0BF /* PBXContainerItemProxy */ = {
			isa = PBXContainerItemProxy;
			containerPortal = A0329DE520B84DB1003BD0BF /* Project object */;
			proxyType = 1;
			remoteGlobalIDString = A0329DEC20B84DB1003BD0BF;
			remoteInfo = Concentration;
		};
		A0329E0D20B84DB4003BD0BF /* PBXContainerItemProxy */ = {
			isa = PBXContainerItemProxy;
			containerPortal = A0329DE520B84DB1003BD0BF /* Project object */;
			proxyType = 1;
			remoteGlobalIDString = A0329DEC20B84DB1003BD0BF;
			remoteInfo = Concentration;
		};
/* End PBXContainerItemProxy section */

/* Begin PBXFileReference section */
		A0329DED20B84DB1003BD0BF /* Concentration.app */ = {isa = PBXFileReference; explicitFileType = wrapper.application; includeInIndex = 0; path = Concentration.app; sourceTree = BUILT_PRODUCTS_DIR; };
		A0329DF020B84DB1003BD0BF /* AppDelegate.swift */ = {isa = PBXFileReference; lastKnownFileType = sourcecode.swift; path = AppDelegate.swift; sourceTree = "<group>"; };
		A0329DF220B84DB1003BD0BF /* ViewController.swift */ = {isa = PBXFileReference; lastKnownFileType = sourcecode.swift; path = ViewController.swift; sourceTree = "<group>"; };
		A0329DF520B84DB1003BD0BF /* Base */ = {isa = PBXFileReference; lastKnownFileType = file.storyboard; name = Base; path = Base.lproj/Main.storyboard; sourceTree = "<group>"; };
		A0329DF720B84DB3003BD0BF /* Assets.xcassets */ = {isa = PBXFileReference; lastKnownFileType = folder.assetcatalog; path = Assets.xcassets; sourceTree = "<group>"; };
		A0329DFA20B84DB3003BD0BF /* Base */ = {isa = PBXFileReference; lastKnownFileType = file.storyboard; name = Base; path = Base.lproj/LaunchScreen.storyboard; sourceTree = "<group>"; };
		A0329DFC20B84DB3003BD0BF /* Info.plist */ = {isa = PBXFileReference; lastKnownFileType = text.plist.xml; path = Info.plist; sourceTree = "<group>"; };
		A0329E0120B84DB3003BD0BF /* ConcentrationTests.xctest */ = {isa = PBXFileReference; explicitFileType = wrapper.cfbundle; includeInIndex = 0; path = ConcentrationTests.xctest; sourceTree = BUILT_PRODUCTS_DIR; };
		A0329E0520B84DB3003BD0BF /* ConcentrationTests.swift */ = {isa = PBXFileReference; lastKnownFileType = sourcecode.swift; path = ConcentrationTests.swift; sourceTree = "<group>"; };
		A0329E0720B84DB3003BD0BF /* Info.plist */ = {isa = PBXFileReference; lastKnownFileType = text.plist.xml; path = Info.plist; sourceTree = "<group>"; };
		A0329E0C20B84DB4003BD0BF /* ConcentrationUITests.xctest */ = {isa = PBXFileReference; explicitFileType = wrapper.cfbundle; includeInIndex = 0; path = ConcentrationUITests.xctest; sourceTree = BUILT_PRODUCTS_DIR; };
		A0329E1020B84DB4003BD0BF /* ConcentrationUITests.swift */ = {isa = PBXFileReference; lastKnownFileType = sourcecode.swift; path = ConcentrationUITests.swift; sourceTree = "<group>"; };
		A0329E1220B84DB4003BD0BF /* Info.plist */ = {isa = PBXFileReference; lastKnownFileType = text.plist.xml; path = Info.plist; sourceTree = "<group>"; };
		A0C3081F20D3E82600583B00 /* Concentration.swift */ = {isa = PBXFileReference; lastKnownFileType = sourcecode.swift; path = Concentration.swift; sourceTree = "<group>"; };
		A0C3082120D3E8E400583B00 /* Card.swift */ = {isa = PBXFileReference; lastKnownFileType = sourcecode.swift; path = Card.swift; sourceTree = "<group>"; };
/* End PBXFileReference section */

/* Begin PBXFrameworksBuildPhase section */
		A0329DEA20B84DB1003BD0BF /* Frameworks */ = {
			isa = PBXFrameworksBuildPhase;
			buildActionMask = 2147483647;
			files = (
			);
			runOnlyForDeploymentPostprocessing = 0;
		};
		A0329DFE20B84DB3003BD0BF /* Frameworks */ = {
			isa = PBXFrameworksBuildPhase;
			buildActionMask = 2147483647;
			files = (
			);
			runOnlyForDeploymentPostprocessing = 0;
		};
		A0329E0920B84DB4003BD0BF /* Frameworks */ = {
			isa = PBXFrameworksBuildPhase;
			buildActionMask = 2147483647;
			files = (
			);
			runOnlyForDeploymentPostprocessing = 0;
		};
/* End PBXFrameworksBuildPhase section */

/* Begin PBXGroup section */
		A0329DE420B84DB1003BD0BF = {
			isa = PBXGroup;
			children = (
				A0329DEF20B84DB1003BD0BF /* Concentration */,
				A0329E0420B84DB3003BD0BF /* ConcentrationTests */,
				A0329E0F20B84DB4003BD0BF /* ConcentrationUITests */,
				A0329DEE20B84DB1003BD0BF /* Products */,
			);
			sourceTree = "<group>";
		};
		A0329DEE20B84DB1003BD0BF /* Products */ = {
			isa = PBXGroup;
			children = (
				A0329DED20B84DB1003BD0BF /* Concentration.app */,
				A0329E0120B84DB3003BD0BF /* ConcentrationTests.xctest */,
				A0329E0C20B84DB4003BD0BF /* ConcentrationUITests.xctest */,
			);
			name = Products;
			sourceTree = "<group>";
		};
		A0329DEF20B84DB1003BD0BF /* Concentration */ = {
			isa = PBXGroup;
			children = (
				A0329DF220B84DB1003BD0BF /* ViewController.swift */,
				A0329DF420B84DB1003BD0BF /* Main.storyboard */,
				A0B97E4320C80A5300573748 /* Supporting Files */,
				A0329DFC20B84DB3003BD0BF /* Info.plist */,
				A0C3081F20D3E82600583B00 /* Concentration.swift */,
				A0C3082120D3E8E400583B00 /* Card.swift */,
			);
			path = Concentration;
			sourceTree = "<group>";
		};
		A0329E0420B84DB3003BD0BF /* ConcentrationTests */ = {
			isa = PBXGroup;
			children = (
				A0329E0520B84DB3003BD0BF /* ConcentrationTests.swift */,
				A0329E0720B84DB3003BD0BF /* Info.plist */,
			);
			path = ConcentrationTests;
			sourceTree = "<group>";
		};
		A0329E0F20B84DB4003BD0BF /* ConcentrationUITests */ = {
			isa = PBXGroup;
			children = (
				A0329E1020B84DB4003BD0BF /* ConcentrationUITests.swift */,
				A0329E1220B84DB4003BD0BF /* Info.plist */,
			);
			path = ConcentrationUITests;
			sourceTree = "<group>";
		};
		A0B97E4320C80A5300573748 /* Supporting Files */ = {
			isa = PBXGroup;
			children = (
				A0329DF020B84DB1003BD0BF /* AppDelegate.swift */,
				A0329DF720B84DB3003BD0BF /* Assets.xcassets */,
				A0329DF920B84DB3003BD0BF /* LaunchScreen.storyboard */,
			);
			path = "Supporting Files";
			sourceTree = "<group>";
		};
/* End PBXGroup section */

/* Begin PBXNativeTarget section */
		A0329DEC20B84DB1003BD0BF /* Concentration */ = {
			isa = PBXNativeTarget;
			buildConfigurationList = A0329E1520B84DB4003BD0BF /* Build configuration list for PBXNativeTarget "Concentration" */;
			buildPhases = (
				A0329DE920B84DB1003BD0BF /* Sources */,
				A0329DEA20B84DB1003BD0BF /* Frameworks */,
				A0329DEB20B84DB1003BD0BF /* Resources */,
			);
			buildRules = (
			);
			dependencies = (
			);
			name = Concentration;
			productName = Concentration;
			productReference = A0329DED20B84DB1003BD0BF /* Concentration.app */;
			productType = "com.apple.product-type.application";
		};
		A0329E0020B84DB3003BD0BF /* ConcentrationTests */ = {
			isa = PBXNativeTarget;
			buildConfigurationList = A0329E1820B84DB4003BD0BF /* Build configuration list for PBXNativeTarget "ConcentrationTests" */;
			buildPhases = (
				A0329DFD20B84DB3003BD0BF /* Sources */,
				A0329DFE20B84DB3003BD0BF /* Frameworks */,
				A0329DFF20B84DB3003BD0BF /* Resources */,
			);
			buildRules = (
			);
			dependencies = (
				A0329E0320B84DB3003BD0BF /* PBXTargetDependency */,
			);
			name = ConcentrationTests;
			productName = ConcentrationTests;
			productReference = A0329E0120B84DB3003BD0BF /* ConcentrationTests.xctest */;
			productType = "com.apple.product-type.bundle.unit-test";
		};
		A0329E0B20B84DB4003BD0BF /* ConcentrationUITests */ = {
			isa = PBXNativeTarget;
			buildConfigurationList = A0329E1B20B84DB4003BD0BF /* Build configuration list for PBXNativeTarget "ConcentrationUITests" */;
			buildPhases = (
				A0329E0820B84DB4003BD0BF /* Sources */,
				A0329E0920B84DB4003BD0BF /* Frameworks */,
				A0329E0A20B84DB4003BD0BF /* Resources */,
			);
			buildRules = (
			);
			dependencies = (
				A0329E0E20B84DB4003BD0BF /* PBXTargetDependency */,
			);
			name = ConcentrationUITests;
			productName = ConcentrationUITests;
			productReference = A0329E0C20B84DB4003BD0BF /* ConcentrationUITests.xctest */;
			productType = "com.apple.product-type.bundle.ui-testing";
		};
/* End PBXNativeTarget section */

/* Begin PBXProject section */
		A0329DE520B84DB1003BD0BF /* Project object */ = {
			isa = PBXProject;
			attributes = {
				LastSwiftUpdateCheck = 0930;
				LastUpgradeCheck = 0930;
				ORGANIZATIONNAME = "Nice Consulting";
				TargetAttributes = {
					A0329DEC20B84DB1003BD0BF = {
						CreatedOnToolsVersion = 9.3.1;
					};
					A0329E0020B84DB3003BD0BF = {
						CreatedOnToolsVersion = 9.3.1;
						TestTargetID = A0329DEC20B84DB1003BD0BF;
					};
					A0329E0B20B84DB4003BD0BF = {
						CreatedOnToolsVersion = 9.3.1;
						TestTargetID = A0329DEC20B84DB1003BD0BF;
					};
				};
			};
			buildConfigurationList = A0329DE820B84DB1003BD0BF /* Build configuration list for PBXProject "Concentration" */;
			compatibilityVersion = "Xcode 9.3";
			developmentRegion = en;
			hasScannedForEncodings = 0;
			knownRegions = (
				en,
				Base,
			);
			mainGroup = A0329DE420B84DB1003BD0BF;
			productRefGroup = A0329DEE20B84DB1003BD0BF /* Products */;
			projectDirPath = "";
			projectRoot = "";
			targets = (
				A0329DEC20B84DB1003BD0BF /* Concentration */,
				A0329E0020B84DB3003BD0BF /* ConcentrationTests */,
				A0329E0B20B84DB4003BD0BF /* ConcentrationUITests */,
			);
		};
/* End PBXProject section */

/* Begin PBXResourcesBuildPhase section */
		A0329DEB20B84DB1003BD0BF /* Resources */ = {
			isa = PBXResourcesBuildPhase;
			buildActionMask = 2147483647;
			files = (
				A0329DFB20B84DB3003BD0BF /* LaunchScreen.storyboard in Resources */,
				A0329DF820B84DB3003BD0BF /* Assets.xcassets in Resources */,
				A0329DF620B84DB1003BD0BF /* Main.storyboard in Resources */,
			);
			runOnlyForDeploymentPostprocessing = 0;
		};
		A0329DFF20B84DB3003BD0BF /* Resources */ = {
			isa = PBXResourcesBuildPhase;
			buildActionMask = 2147483647;
			files = (
			);
			runOnlyForDeploymentPostprocessing = 0;
		};
		A0329E0A20B84DB4003BD0BF /* Resources */ = {
			isa = PBXResourcesBuildPhase;
			buildActionMask = 2147483647;
			files = (
			);
			runOnlyForDeploymentPostprocessing = 0;
		};
/* End PBXResourcesBuildPhase section */

/* Begin PBXSourcesBuildPhase section */
		A0329DE920B84DB1003BD0BF /* Sources */ = {
			isa = PBXSourcesBuildPhase;
			buildActionMask = 2147483647;
			files = (
				A0329DF320B84DB1003BD0BF /* ViewController.swift in Sources */,
				A0329DF120B84DB1003BD0BF /* AppDelegate.swift in Sources */,
				A0C3082020D3E82600583B00 /* Concentration.swift in Sources */,
				A0C3082220D3E8E400583B00 /* Card.swift in Sources */,
			);
			runOnlyForDeploymentPostprocessing = 0;
		};
		A0329DFD20B84DB3003BD0BF /* Sources */ = {
			isa = PBXSourcesBuildPhase;
			buildActionMask = 2147483647;
			files = (
				A0329E0620B84DB3003BD0BF /* ConcentrationTests.swift in Sources */,
			);
			runOnlyForDeploymentPostprocessing = 0;
		};
		A0329E0820B84DB4003BD0BF /* Sources */ = {
			isa = PBXSourcesBuildPhase;
			buildActionMask = 2147483647;
			files = (
				A0329E1120B84DB4003BD0BF /* ConcentrationUITests.swift in Sources */,
			);
			runOnlyForDeploymentPostprocessing = 0;
		};
/* End PBXSourcesBuildPhase section */

/* Begin PBXTargetDependency section */
		A0329E0320B84DB3003BD0BF /* PBXTargetDependency */ = {
			isa = PBXTargetDependency;
			target = A0329DEC20B84DB1003BD0BF /* Concentration */;
			targetProxy = A0329E0220B84DB3003BD0BF /* PBXContainerItemProxy */;
		};
		A0329E0E20B84DB4003BD0BF /* PBXTargetDependency */ = {
			isa = PBXTargetDependency;
			target = A0329DEC20B84DB1003BD0BF /* Concentration */;
			targetProxy = A0329E0D20B84DB4003BD0BF /* PBXContainerItemProxy */;
		};
/* End PBXTargetDependency section */

/* Begin PBXVariantGroup section */
		A0329DF420B84DB1003BD0BF /* Main.storyboard */ = {
			isa = PBXVariantGroup;
			children = (
				A0329DF520B84DB1003BD0BF /* Base */,
			);
			name = Main.storyboard;
			sourceTree = "<group>";
		};
		A0329DF920B84DB3003BD0BF /* LaunchScreen.storyboard */ = {
			isa = PBXVariantGroup;
			children = (
				A0329DFA20B84DB3003BD0BF /* Base */,
			);
			name = LaunchScreen.storyboard;
			sourceTree = "<group>";
		};
/* End PBXVariantGroup section */

/* Begin XCBuildConfiguration section */
		A0329E1320B84DB4003BD0BF /* Debug */ = {
			isa = XCBuildConfiguration;
			buildSettings = {
				ALWAYS_SEARCH_USER_PATHS = NO;
				CLANG_ANALYZER_NONNULL = YES;
				CLANG_ANALYZER_NUMBER_OBJECT_CONVERSION = YES_AGGRESSIVE;
				CLANG_CXX_LANGUAGE_STANDARD = "gnu++14";
				CLANG_CXX_LIBRARY = "libc++";
				CLANG_ENABLE_MODULES = YES;
				CLANG_ENABLE_OBJC_ARC = YES;
				CLANG_ENABLE_OBJC_WEAK = YES;
				CLANG_WARN_BLOCK_CAPTURE_AUTORELEASING = YES;
				CLANG_WARN_BOOL_CONVERSION = YES;
				CLANG_WARN_COMMA = YES;
				CLANG_WARN_CONSTANT_CONVERSION = YES;
				CLANG_WARN_DEPRECATED_OBJC_IMPLEMENTATIONS = YES;
				CLANG_WARN_DIRECT_OBJC_ISA_USAGE = YES_ERROR;
				CLANG_WARN_DOCUMENTATION_COMMENTS = YES;
				CLANG_WARN_EMPTY_BODY = YES;
				CLANG_WARN_ENUM_CONVERSION = YES;
				CLANG_WARN_INFINITE_RECURSION = YES;
				CLANG_WARN_INT_CONVERSION = YES;
				CLANG_WARN_NON_LITERAL_NULL_CONVERSION = YES;
				CLANG_WARN_OBJC_IMPLICIT_RETAIN_SELF = YES;
				CLANG_WARN_OBJC_LITERAL_CONVERSION = YES;
				CLANG_WARN_OBJC_ROOT_CLASS = YES_ERROR;
				CLANG_WARN_RANGE_LOOP_ANALYSIS = YES;
				CLANG_WARN_STRICT_PROTOTYPES = YES;
				CLANG_WARN_SUSPICIOUS_MOVE = YES;
				CLANG_WARN_UNGUARDED_AVAILABILITY = YES_AGGRESSIVE;
				CLANG_WARN_UNREACHABLE_CODE = YES;
				CLANG_WARN__DUPLICATE_METHOD_MATCH = YES;
				CODE_SIGN_IDENTITY = "iPhone Developer";
				COPY_PHASE_STRIP = NO;
				DEBUG_INFORMATION_FORMAT = dwarf;
				ENABLE_STRICT_OBJC_MSGSEND = YES;
				ENABLE_TESTABILITY = YES;
				GCC_C_LANGUAGE_STANDARD = gnu11;
				GCC_DYNAMIC_NO_PIC = NO;
				GCC_NO_COMMON_BLOCKS = YES;
				GCC_OPTIMIZATION_LEVEL = 0;
				GCC_PREPROCESSOR_DEFINITIONS = (
					"DEBUG=1",
					"$(inherited)",
				);
				GCC_WARN_64_TO_32_BIT_CONVERSION = YES;
				GCC_WARN_ABOUT_RETURN_TYPE = YES_ERROR;
				GCC_WARN_UNDECLARED_SELECTOR = YES;
				GCC_WARN_UNINITIALIZED_AUTOS = YES_AGGRESSIVE;
				GCC_WARN_UNUSED_FUNCTION = YES;
				GCC_WARN_UNUSED_VARIABLE = YES;
				IPHONEOS_DEPLOYMENT_TARGET = 11.3;
				MTL_ENABLE_DEBUG_INFO = YES;
				ONLY_ACTIVE_ARCH = YES;
				SDKROOT = iphoneos;
				SWIFT_ACTIVE_COMPILATION_CONDITIONS = DEBUG;
				SWIFT_OPTIMIZATION_LEVEL = "-Onone";
			};
			name = Debug;
		};
		A0329E1420B84DB4003BD0BF /* Release */ = {
			isa = XCBuildConfiguration;
			buildSettings = {
				ALWAYS_SEARCH_USER_PATHS = NO;
				CLANG_ANALYZER_NONNULL = YES;
				CLANG_ANALYZER_NUMBER_OBJECT_CONVERSION = YES_AGGRESSIVE;
				CLANG_CXX_LANGUAGE_STANDARD = "gnu++14";
				CLANG_CXX_LIBRARY = "libc++";
				CLANG_ENABLE_MODULES = YES;
				CLANG_ENABLE_OBJC_ARC = YES;
				CLANG_ENABLE_OBJC_WEAK = YES;
				CLANG_WARN_BLOCK_CAPTURE_AUTORELEASING = YES;
				CLANG_WARN_BOOL_CONVERSION = YES;
				CLANG_WARN_COMMA = YES;
				CLANG_WARN_CONSTANT_CONVERSION = YES;
				CLANG_WARN_DEPRECATED_OBJC_IMPLEMENTATIONS = YES;
				CLANG_WARN_DIRECT_OBJC_ISA_USAGE = YES_ERROR;
				CLANG_WARN_DOCUMENTATION_COMMENTS = YES;
				CLANG_WARN_EMPTY_BODY = YES;
				CLANG_WARN_ENUM_CONVERSION = YES;
				CLANG_WARN_INFINITE_RECURSION = YES;
				CLANG_WARN_INT_CONVERSION = YES;
				CLANG_WARN_NON_LITERAL_NULL_CONVERSION = YES;
				CLANG_WARN_OBJC_IMPLICIT_RETAIN_SELF = YES;
				CLANG_WARN_OBJC_LITERAL_CONVERSION = YES;
				CLANG_WARN_OBJC_ROOT_CLASS = YES_ERROR;
				CLANG_WARN_RANGE_LOOP_ANALYSIS = YES;
				CLANG_WARN_STRICT_PROTOTYPES = YES;
				CLANG_WARN_SUSPICIOUS_MOVE = YES;
				CLANG_WARN_UNGUARDED_AVAILABILITY = YES_AGGRESSIVE;
				CLANG_WARN_UNREACHABLE_CODE = YES;
				CLANG_WARN__DUPLICATE_METHOD_MATCH = YES;
				CODE_SIGN_IDENTITY = "iPhone Developer";
				COPY_PHASE_STRIP = NO;
				DEBUG_INFORMATION_FORMAT = "dwarf-with-dsym";
				ENABLE_NS_ASSERTIONS = NO;
				ENABLE_STRICT_OBJC_MSGSEND = YES;
				GCC_C_LANGUAGE_STANDARD = gnu11;
				GCC_NO_COMMON_BLOCKS = YES;
				GCC_WARN_64_TO_32_BIT_CONVERSION = YES;
				GCC_WARN_ABOUT_RETURN_TYPE = YES_ERROR;
				GCC_WARN_UNDECLARED_SELECTOR = YES;
				GCC_WARN_UNINITIALIZED_AUTOS = YES_AGGRESSIVE;
				GCC_WARN_UNUSED_FUNCTION = YES;
				GCC_WARN_UNUSED_VARIABLE = YES;
				IPHONEOS_DEPLOYMENT_TARGET = 11.3;
				MTL_ENABLE_DEBUG_INFO = NO;
				SDKROOT = iphoneos;
				SWIFT_COMPILATION_MODE = wholemodule;
				SWIFT_OPTIMIZATION_LEVEL = "-O";
				VALIDATE_PRODUCT = YES;
			};
			name = Release;
		};
		A0329E1620B84DB4003BD0BF /* Debug */ = {
			isa = XCBuildConfiguration;
			buildSettings = {
				ASSETCATALOG_COMPILER_APPICON_NAME = AppIcon;
				CODE_SIGN_STYLE = Automatic;
				DEVELOPMENT_TEAM = 2Y75AAKRC3;
				INFOPLIST_FILE = Concentration/Info.plist;
				LD_RUNPATH_SEARCH_PATHS = (
					"$(inherited)",
					"@executable_path/Frameworks",
				);
				PRODUCT_BUNDLE_IDENTIFIER = au.com.nice.Concentration;
				PRODUCT_NAME = "$(TARGET_NAME)";
				SWIFT_VERSION = 4.0;
				TARGETED_DEVICE_FAMILY = "1,2";
			};
			name = Debug;
		};
		A0329E1720B84DB4003BD0BF /* Release */ = {
			isa = XCBuildConfiguration;
			buildSettings = {
				ASSETCATALOG_COMPILER_APPICON_NAME = AppIcon;
				CODE_SIGN_STYLE = Automatic;
				DEVELOPMENT_TEAM = 2Y75AAKRC3;
				INFOPLIST_FILE = Concentration/Info.plist;
				LD_RUNPATH_SEARCH_PATHS = (
					"$(inherited)",
					"@executable_path/Frameworks",
				);
				PRODUCT_BUNDLE_IDENTIFIER = au.com.nice.Concentration;
				PRODUCT_NAME = "$(TARGET_NAME)";
				SWIFT_VERSION = 4.0;
				TARGETED_DEVICE_FAMILY = "1,2";
			};
			name = Release;
		};
		A0329E1920B84DB4003BD0BF /* Debug */ = {
			isa = XCBuildConfiguration;
			buildSettings = {
				ALWAYS_EMBED_SWIFT_STANDARD_LIBRARIES = YES;
				BUNDLE_LOADER = "$(TEST_HOST)";
				CODE_SIGN_STYLE = Automatic;
				DEVELOPMENT_TEAM = 2Y75AAKRC3;
				INFOPLIST_FILE = ConcentrationTests/Info.plist;
				LD_RUNPATH_SEARCH_PATHS = (
					"$(inherited)",
					"@executable_path/Frameworks",
					"@loader_path/Frameworks",
				);
				PRODUCT_BUNDLE_IDENTIFIER = au.com.nice.ConcentrationTests;
				PRODUCT_NAME = "$(TARGET_NAME)";
				SWIFT_VERSION = 4.0;
				TARGETED_DEVICE_FAMILY = "1,2";
				TEST_HOST = "$(BUILT_PRODUCTS_DIR)/Concentration.app/Concentration";
			};
			name = Debug;
		};
		A0329E1A20B84DB4003BD0BF /* Release */ = {
			isa = XCBuildConfiguration;
			buildSettings = {
				ALWAYS_EMBED_SWIFT_STANDARD_LIBRARIES = YES;
				BUNDLE_LOADER = "$(TEST_HOST)";
				CODE_SIGN_STYLE = Automatic;
				DEVELOPMENT_TEAM = 2Y75AAKRC3;
				INFOPLIST_FILE = ConcentrationTests/Info.plist;
				LD_RUNPATH_SEARCH_PATHS = (
					"$(inherited)",
					"@executable_path/Frameworks",
					"@loader_path/Frameworks",
				);
				PRODUCT_BUNDLE_IDENTIFIER = au.com.nice.ConcentrationTests;
				PRODUCT_NAME = "$(TARGET_NAME)";
				SWIFT_VERSION = 4.0;
				TARGETED_DEVICE_FAMILY = "1,2";
				TEST_HOST = "$(BUILT_PRODUCTS_DIR)/Concentration.app/Concentration";
			};
			name = Release;
		};
		A0329E1C20B84DB4003BD0BF /* Debug */ = {
			isa = XCBuildConfiguration;
			buildSettings = {
				ALWAYS_EMBED_SWIFT_STANDARD_LIBRARIES = YES;
				CODE_SIGN_STYLE = Automatic;
				DEVELOPMENT_TEAM = 2Y75AAKRC3;
				INFOPLIST_FILE = ConcentrationUITests/Info.plist;
				LD_RUNPATH_SEARCH_PATHS = (
					"$(inherited)",
					"@executable_path/Frameworks",
					"@loader_path/Frameworks",
				);
				PRODUCT_BUNDLE_IDENTIFIER = au.com.nice.ConcentrationUITests;
				PRODUCT_NAME = "$(TARGET_NAME)";
				SWIFT_VERSION = 4.0;
				TARGETED_DEVICE_FAMILY = "1,2";
				TEST_TARGET_NAME = Concentration;
			};
			name = Debug;
		};
		A0329E1D20B84DB4003BD0BF /* Release */ = {
			isa = XCBuildConfiguration;
			buildSettings = {
				ALWAYS_EMBED_SWIFT_STANDARD_LIBRARIES = YES;
				CODE_SIGN_STYLE = Automatic;
				DEVELOPMENT_TEAM = 2Y75AAKRC3;
				INFOPLIST_FILE = ConcentrationUITests/Info.plist;
				LD_RUNPATH_SEARCH_PATHS = (
					"$(inherited)",
					"@executable_path/Frameworks",
					"@loader_path/Frameworks",
				);
				PRODUCT_BUNDLE_IDENTIFIER = au.com.nice.ConcentrationUITests;
				PRODUCT_NAME = "$(TARGET_NAME)";
				SWIFT_VERSION = 4.0;
				TARGETED_DEVICE_FAMILY = "1,2";
				TEST_TARGET_NAME = Concentration;
			};
			name = Release;
		};
/* End XCBuildConfiguration section */

/* Begin XCConfigurationList section */
		A0329DE820B84DB1003BD0BF /* Build configuration list for PBXProject "Concentration" */ = {
			isa = XCConfigurationList;
			buildConfigurations = (
				A0329E1320B84DB4003BD0BF /* Debug */,
				A0329E1420B84DB4003BD0BF /* Release */,
			);
			defaultConfigurationIsVisible = 0;
			defaultConfigurationName = Release;
		};
		A0329E1520B84DB4003BD0BF /* Build configuration list for PBXNativeTarget "Concentration" */ = {
			isa = XCConfigurationList;
			buildConfigurations = (
				A0329E1620B84DB4003BD0BF /* Debug */,
				A0329E1720B84DB4003BD0BF /* Release */,
			);
			defaultConfigurationIsVisible = 0;
			defaultConfigurationName = Release;
		};
		A0329E1820B84DB4003BD0BF /* Build configuration list for PBXNativeTarget "ConcentrationTests" */ = {
			isa = XCConfigurationList;
			buildConfigurations = (
				A0329E1920B84DB4003BD0BF /* Debug */,
				A0329E1A20B84DB4003BD0BF /* Release */,
			);
			defaultConfigurationIsVisible = 0;
			defaultConfigurationName = Release;
		};
		A0329E1B20B84DB4003BD0BF /* Build configuration list for PBXNativeTarget "ConcentrationUITests" */ = {
			isa = XCConfigurationList;
			buildConfigurations = (
				A0329E1C20B84DB4003BD0BF /* Debug */,
				A0329E1D20B84DB4003BD0BF /* Release */,
			);
			defaultConfigurationIsVisible = 0;
			defaultConfigurationName = Release;
		};
/* End XCConfigurationList section */
	};
	rootObject = A0329DE520B84DB1003BD0BF /* Project object */;
}
